
Microsoft Visual Studio Solution File, Format Version 12.00
# Visual Studio Version 17
VisualStudioVersion = 17.5.002.0
MinimumVisualStudioVersion = 10.0.40219.1
Project("{9A19103F-16F7-4668-BE54-9A1E7A4F7556}") = "Blackguard", ".\Blackguard\Blackguard.csproj", "{5ED6B993-9BD7-450D-A2EF-04D7AA01ADA7}"
EndProject
Project("{FAE04EC0-301F-11D3-BF4B-00C04F79EFBC}") = "Blackguard.Tests", "Blackguard.Tests\Blackguard.Tests.csproj", "{40A1DC96-F6EE-404B-AB2B-8E4DDC6E769E}"
EndProject
Global
	GlobalSection(SolutionConfigurationPlatforms) = preSolution
		Debug|Any CPU = Debug|Any CPU
		Release|Any CPU = Release|Any CPU
	EndGlobalSection
	GlobalSection(ProjectConfigurationPlatforms) = postSolution
		{5ED6B993-9BD7-450D-A2EF-04D7AA01ADA7}.Debug|Any CPU.ActiveCfg = Debug|Any CPU
		{5ED6B993-9BD7-450D-A2EF-04D7AA01ADA7}.Debug|Any CPU.Build.0 = Debug|Any CPU
		{5ED6B993-9BD7-450D-A2EF-04D7AA01ADA7}.Release|Any CPU.ActiveCfg = Release|Any CPU
		{5ED6B993-9BD7-450D-A2EF-04D7AA01ADA7}.Release|Any CPU.Build.0 = Release|Any CPU
		{40A1DC96-F6EE-404B-AB2B-8E4DDC6E769E}.Debug|Any CPU.ActiveCfg = Debug|Any CPU
		{40A1DC96-F6EE-404B-AB2B-8E4DDC6E769E}.Debug|Any CPU.Build.0 = Debug|Any CPU
		{40A1DC96-F6EE-404B-AB2B-8E4DDC6E769E}.Release|Any CPU.ActiveCfg = Release|Any CPU
		{40A1DC96-F6EE-404B-AB2B-8E4DDC6E769E}.Release|Any CPU.Build.0 = Release|Any CPU
	EndGlobalSection
	GlobalSection(SolutionProperties) = preSolution
		HideSolutionNode = FALSE
	EndGlobalSection
	GlobalSection(ExtensibilityGlobals) = postSolution
		SolutionGuid = {CAD05E22-183F-4994-9865-FE13CFC8982A}
	EndGlobalSection
EndGlobal
